
Microsoft Visual Studio Solution File, Format Version 12.00
# Visual Studio Version 17
VisualStudioVersion = 17.7.33808.371
MinimumVisualStudioVersion = 10.0.40219.1
Project("{9A19103F-16F7-4668-BE54-9A1E7A4F7556}") = "DotMauiAppAcceletor", "DotMauiAppAcceletor\DotMauiAppAcceletor.csproj", "{BFB5DCC5-B1F3-4189-B0BF-B86475D8FEEA}"
EndProject
Project("{9A19103F-16F7-4668-BE54-9A1E7A4F7556}") = "DotMauiAppAcceletor.Tests", "DotMauiAppAcceletor.Tests\DotMauiAppAcceletor.Tests.csproj", "{9A9322AD-223A-42A1-AB11-8BEFC9918A6D}"
EndProject
Global
	GlobalSection(SolutionConfigurationPlatforms) = preSolution
		Debug|Any CPU = Debug|Any CPU
		Release|Any CPU = Release|Any CPU
	EndGlobalSection
	GlobalSection(ProjectConfigurationPlatforms) = postSolution
		{BFB5DCC5-B1F3-4189-B0BF-B86475D8FEEA}.Debug|Any CPU.ActiveCfg = Debug|Any CPU
		{BFB5DCC5-B1F3-4189-B0BF-B86475D8FEEA}.Debug|Any CPU.Build.0 = Debug|Any CPU
		{BFB5DCC5-B1F3-4189-B0BF-B86475D8FEEA}.Debug|Any CPU.Deploy.0 = Debug|Any CPU
		{BFB5DCC5-B1F3-4189-B0BF-B86475D8FEEA}.Release|Any CPU.ActiveCfg = Release|Any CPU
		{BFB5DCC5-B1F3-4189-B0BF-B86475D8FEEA}.Release|Any CPU.Build.0 = Release|Any CPU
		{BFB5DCC5-B1F3-4189-B0BF-B86475D8FEEA}.Release|Any CPU.Deploy.0 = Release|Any CPU
		{9A9322AD-223A-42A1-AB11-8BEFC9918A6D}.Debug|Any CPU.ActiveCfg = Debug|Any CPU
		{9A9322AD-223A-42A1-AB11-8BEFC9918A6D}.Debug|Any CPU.Build.0 = Debug|Any CPU
		{9A9322AD-223A-42A1-AB11-8BEFC9918A6D}.Release|Any CPU.ActiveCfg = Release|Any CPU
		{9A9322AD-223A-42A1-AB11-8BEFC9918A6D}.Release|Any CPU.Build.0 = Release|Any CPU
	EndGlobalSection
	GlobalSection(SolutionProperties) = preSolution
		HideSolutionNode = FALSE
	EndGlobalSection
	GlobalSection(ExtensibilityGlobals) = postSolution
		SolutionGuid = {9933DF17-8005-4DE2-B363-2A32BEBE0293}
	EndGlobalSection
EndGlobal
